// !$*UTF8*$!
{
	archiveVersion = 1;
	classes = {
	};
	objectVersion = 42;
	objects = {

/* Begin PBXBuildFile section */
		069D05B0128AE5DC7EE31738 /* QtCore.framework in Frameworks & Libraries */ = {isa = PBXBuildFile; fileRef = 7BC2E65A5E699A5E5D834CA2 /* QtCore.framework */; };
		0C0F7B036B2D7E095B7639B0 /* moc_aptdatparser.cpp in Build Sources */ = {isa = PBXBuildFile; fileRef = 3258536F172E930CBF0720D4 /* moc_aptdatparser.cpp */; settings = {ATTRIBUTES = (); }; };
		16F94CB291AF04C4F8123EE5 /* moc_xsettings.cpp in Build Sources */ = {isa = PBXBuildFile; fileRef = 4554A6F0D9E01E00FB3498F8 /* moc_xsettings.cpp */; settings = {ATTRIBUTES = (); }; };
		1CCC7E1FC06C062A970F5E30 /* networkwidget.cpp in Build Sources */ = {isa = PBXBuildFile; fileRef = 7B0B502EE4C80ACB0632E290 /* networkwidget.cpp */; settings = {ATTRIBUTES = (); }; };
		2497464F1D7DD67EB6CDDFCB /* fgx.cpp in Build Sources */ = {isa = PBXBuildFile; fileRef = F34E5AEF6684E84E2C55C110 /* fgx.cpp */; settings = {ATTRIBUTES = (); }; };
		2B093CA6F071B023A473CED0 /* main.cpp in Build Sources */ = {isa = PBXBuildFile; fileRef = 118FCBAABA162BA17933C789 /* main.cpp */; settings = {ATTRIBUTES = (); }; };
		33044008134FA6BB004B146B /* fgx.app in Project Copy */ = {isa = PBXBuildFile; fileRef = 33044005134FA6BB004B146B /* fgx.app */; };
		3826A0833FCB54E86728C6EF /* QtNetwork.framework in Frameworks & Libraries */ = {isa = PBXBuildFile; fileRef = B6B9970B86A6C219B0869FE9 /* QtNetwork.framework */; };
		3856F1C05E59E6FFCFE0426B /* moc_fgx.cpp in Build Sources */ = {isa = PBXBuildFile; fileRef = E72DC64BA6A58D8837C090D7 /* moc_fgx.cpp */; settings = {ATTRIBUTES = (); }; };
		3CC391639B7E9A012B2340D6 /* aptdatparser.cpp in Build Sources */ = {isa = PBXBuildFile; fileRef = BBC1B4528D6756A7B35878F0 /* aptdatparser.cpp */; settings = {ATTRIBUTES = (); }; };
		458677C08D9AC05272F7712B /* qrc_icons.cpp in Build Sources */ = {isa = PBXBuildFile; fileRef = AF545533C83B0FD30411F250 /* qrc_icons.cpp */; settings = {ATTRIBUTES = (); }; };
		501667F26B3C1FF6767A7C12 /* QtGui.framework in Frameworks & Libraries */ = {isa = PBXBuildFile; fileRef = 9B36DA7E32F0304E780E7972 /* QtGui.framework */; };
		572FDE7B30B29328CD1DCE5B /* moc_networkwidget.cpp in Build Sources */ = {isa = PBXBuildFile; fileRef = 1D21E6FEEE910C8878CF3ADF /* moc_networkwidget.cpp */; settings = {ATTRIBUTES = (); }; };
		6462DC66040D8BD3E32A7ECE /* airportswidget.cpp in Build Sources */ = {isa = PBXBuildFile; fileRef = 2A72C0415F4CC91A8D268FDA /* airportswidget.cpp */; settings = {ATTRIBUTES = (); }; };
		7FA463C7FBAFA691E65A18D2 /* QtXmlPatterns.framework in Frameworks & Libraries */ = {isa = PBXBuildFile; fileRef = 6378BA11083B1F5C07E0D7FA /* QtXmlPatterns.framework */; };
		86A1B13AC8C4F078CD21A54E /* moc_importairportswidget.cpp in Build Sources */ = {isa = PBXBuildFile; fileRef = B575204EDA5A0831DE3DD346 /* moc_importairportswidget.cpp */; settings = {ATTRIBUTES = (); }; };
		8F0780FF604C5E453CD117EF /* xsettings.cpp in Build Sources */ = {isa = PBXBuildFile; fileRef = D2A7553D4D71CC1105EACFFF /* xsettings.cpp */; settings = {ATTRIBUTES = (); }; };
		A976DF5F08F9938737E688FA /* qrc_artwork.cpp in Build Sources */ = {isa = PBXBuildFile; fileRef = 5D0EB7DBE72F1988CFBD7333 /* qrc_artwork.cpp */; settings = {ATTRIBUTES = (); }; };
		ABAAEE0712E0307C8D0A2FC4 /* moc_aircraftwidget.cpp in Build Sources */ = {isa = PBXBuildFile; fileRef = 68446D80E75833DC4ADE6F65 /* moc_aircraftwidget.cpp */; settings = {ATTRIBUTES = (); }; };
		AD17C9820264B158D142D141 /* moc_airportswidget.cpp in Build Sources */ = {isa = PBXBuildFile; fileRef = 6D354CC3205B4251A0EFB840 /* moc_airportswidget.cpp */; settings = {ATTRIBUTES = (); }; };
		AD40FA299BFBA7AE61E76EF9 /* mptelnet.cpp in Build Sources */ = {isa = PBXBuildFile; fileRef = 4BB2F1B9490146E6B0229BDF /* mptelnet.cpp */; settings = {ATTRIBUTES = (); }; };
		B3FC08337BF2C2D823799B1C /* importairportswidget.cpp in Build Sources */ = {isa = PBXBuildFile; fileRef = 833870614165D4DAF736438A /* importairportswidget.cpp */; settings = {ATTRIBUTES = (); }; };
		BCF81AD40A3B2AA8B2B49876 /* moc_mptelnet.cpp in Build Sources */ = {isa = PBXBuildFile; fileRef = A3C4757330803DF7EEFDCEB6 /* moc_mptelnet.cpp */; settings = {ATTRIBUTES = (); }; };
		C2643FEB592DBFD1429BE4E1 /* QtXml.framework in Frameworks & Libraries */ = {isa = PBXBuildFile; fileRef = 8EE92F8FA333C9E415C5B34E /* QtXml.framework */; };
		C78BFE0DD4D0FC1F4B157F30 /* QtSql.framework in Frameworks & Libraries */ = {isa = PBXBuildFile; fileRef = E0814A49DDD73EF0F620E7DB /* QtSql.framework */; };
		D60E4A66429E3A00AD690239 /* settingsdialog.cpp in Build Sources */ = {isa = PBXBuildFile; fileRef = 2AF48EE6259E359C7F1E34B8 /* settingsdialog.cpp */; settings = {ATTRIBUTES = (); }; };
		E650A0F07206F05D673FBCF7 /* aircraftwidget.cpp in Build Sources */ = {isa = PBXBuildFile; fileRef = 5F1A6BC0A474B7EAC7C89FC6 /* aircraftwidget.cpp */; settings = {ATTRIBUTES = (); }; };
		ECD92D4E59D9E2C6021DFB79 /* moc_settingsdialog.cpp in Build Sources */ = {isa = PBXBuildFile; fileRef = 1D3E93F2371ECAF16DA6AEF7 /* moc_settingsdialog.cpp */; settings = {ATTRIBUTES = (); }; };
/* End PBXBuildFile section */

/* Begin PBXCopyFilesBuildPhase section */
		F6069D5A5DA8AA28EDB8B3C6 /* Project Copy */ = {
			isa = PBXCopyFilesBuildPhase;
			buildActionMask = 2147483647;
			dstPath = /Users/raoulquittarco/Desktop/fgx/gitoriousnew/fgx/src;
			dstSubfolderSpec = 0;
			files = (
				33044008134FA6BB004B146B /* fgx.app in Project Copy */,
			);
			name = "Project Copy";
			runOnlyForDeploymentPostprocessing = 0;
		};
/* End PBXCopyFilesBuildPhase section */

/* Begin PBXFileReference section */
		118FCBAABA162BA17933C789 /* main.cpp */ = {isa = PBXFileReference; lastKnownFileType = sourcecode.cpp.cpp; path = main.cpp; sourceTree = "<group>"; };
		1D21E6FEEE910C8878CF3ADF /* moc_networkwidget.cpp */ = {isa = PBXFileReference; lastKnownFileType = sourcecode.cpp.cpp; path = moc_networkwidget.cpp; sourceTree = "<group>"; };
		1D3E93F2371ECAF16DA6AEF7 /* moc_settingsdialog.cpp */ = {isa = PBXFileReference; lastKnownFileType = sourcecode.cpp.cpp; path = moc_settingsdialog.cpp; sourceTree = "<group>"; };
		2A72C0415F4CC91A8D268FDA /* airportswidget.cpp */ = {isa = PBXFileReference; lastKnownFileType = sourcecode.cpp.cpp; name = airportswidget.cpp; path = airports/airportswidget.cpp; sourceTree = "<group>"; };
		2AF48EE6259E359C7F1E34B8 /* settingsdialog.cpp */ = {isa = PBXFileReference; lastKnownFileType = sourcecode.cpp.cpp; name = settingsdialog.cpp; path = settings/settingsdialog.cpp; sourceTree = "<group>"; };
		3258536F172E930CBF0720D4 /* moc_aptdatparser.cpp */ = {isa = PBXFileReference; lastKnownFileType = sourcecode.cpp.cpp; path = moc_aptdatparser.cpp; sourceTree = "<group>"; };
		33044005134FA6BB004B146B /* fgx.app */ = {isa = PBXFileReference; explicitFileType = wrapper.application; includeInIndex = 0; path = fgx.app; sourceTree = BUILT_PRODUCTS_DIR; };
		3451A6A08A216BF5ADF1B13D /* aptdatparser.h */ = {isa = PBXFileReference; lastKnownFileType = sourcecode.c.h; name = aptdatparser.h; path = airports/aptdatparser.h; sourceTree = "<group>"; };
		4554A6F0D9E01E00FB3498F8 /* moc_xsettings.cpp */ = {isa = PBXFileReference; lastKnownFileType = sourcecode.cpp.cpp; path = moc_xsettings.cpp; sourceTree = "<group>"; };
		4BB2F1B9490146E6B0229BDF /* mptelnet.cpp */ = {isa = PBXFileReference; lastKnownFileType = sourcecode.cpp.cpp; name = mptelnet.cpp; path = network/mptelnet.cpp; sourceTree = "<group>"; };
		5D0EB7DBE72F1988CFBD7333 /* qrc_artwork.cpp */ = {isa = PBXFileReference; lastKnownFileType = sourcecode.cpp.cpp; path = qrc_artwork.cpp; sourceTree = "<group>"; };
		5F1A6BC0A474B7EAC7C89FC6 /* aircraftwidget.cpp */ = {isa = PBXFileReference; lastKnownFileType = sourcecode.cpp.cpp; name = aircraftwidget.cpp; path = aircraft/aircraftwidget.cpp; sourceTree = "<group>"; };
		62F1B0082941BB26122A1A0F /* networkwidget.h */ = {isa = PBXFileReference; lastKnownFileType = sourcecode.c.h; name = networkwidget.h; path = network/networkwidget.h; sourceTree = "<group>"; };
		6378BA11083B1F5C07E0D7FA /* QtXmlPatterns.framework */ = {isa = PBXFileReference; lastKnownFileType = wrapper.framework; name = QtXmlPatterns.framework; path = /Library/Frameworks/QtXmlPatterns.framework; sourceTree = "<absolute>"; };
		680457B3A5607B3D17F831B3 /* fgx.pro */ = {isa = PBXFileReference; lastKnownFileType = text; path = fgx.pro; sourceTree = "<group>"; };
		68446D80E75833DC4ADE6F65 /* moc_aircraftwidget.cpp */ = {isa = PBXFileReference; lastKnownFileType = sourcecode.cpp.cpp; path = moc_aircraftwidget.cpp; sourceTree = "<group>"; };
		6D354CC3205B4251A0EFB840 /* moc_airportswidget.cpp */ = {isa = PBXFileReference; lastKnownFileType = sourcecode.cpp.cpp; path = moc_airportswidget.cpp; sourceTree = "<group>"; };
		7B0B502EE4C80ACB0632E290 /* networkwidget.cpp */ = {isa = PBXFileReference; lastKnownFileType = sourcecode.cpp.cpp; name = networkwidget.cpp; path = network/networkwidget.cpp; sourceTree = "<group>"; };
		7BC2E65A5E699A5E5D834CA2 /* QtCore.framework */ = {isa = PBXFileReference; lastKnownFileType = wrapper.framework; name = QtCore.framework; path = /Library/Frameworks/QtCore.framework; sourceTree = "<absolute>"; };
		833870614165D4DAF736438A /* importairportswidget.cpp */ = {isa = PBXFileReference; lastKnownFileType = sourcecode.cpp.cpp; name = importairportswidget.cpp; path = airports/importairportswidget.cpp; sourceTree = "<group>"; };
		8EE92F8FA333C9E415C5B34E /* QtXml.framework */ = {isa = PBXFileReference; lastKnownFileType = wrapper.framework; name = QtXml.framework; path = /Library/Frameworks/QtXml.framework; sourceTree = "<absolute>"; };
		9088AF2F7EF79433B93A1452 /* xsettings.h */ = {isa = PBXFileReference; lastKnownFileType = sourcecode.c.h; name = xsettings.h; path = xobjects/xsettings.h; sourceTree = "<group>"; };
		9B36DA7E32F0304E780E7972 /* QtGui.framework */ = {isa = PBXFileReference; lastKnownFileType = wrapper.framework; name = QtGui.framework; path = /Library/Frameworks/QtGui.framework; sourceTree = "<absolute>"; };
		9E13CDB0A1CCC208A785ABDC /* ui_fgx.h */ = {isa = PBXFileReference; lastKnownFileType = sourcecode.c.h; path = ui_fgx.h; sourceTree = "<group>"; };
		9EEF1CB67E04B15E66F6EB5E /* mptelnet.h */ = {isa = PBXFileReference; lastKnownFileType = sourcecode.c.h; name = mptelnet.h; path = network/mptelnet.h; sourceTree = "<group>"; };
		A3C4757330803DF7EEFDCEB6 /* moc_mptelnet.cpp */ = {isa = PBXFileReference; lastKnownFileType = sourcecode.cpp.cpp; path = moc_mptelnet.cpp; sourceTree = "<group>"; };
		AEDBEFA11F7C4FB80723D425 /* aircraftwidget.h */ = {isa = PBXFileReference; lastKnownFileType = sourcecode.c.h; name = aircraftwidget.h; path = aircraft/aircraftwidget.h; sourceTree = "<group>"; };
		AF545533C83B0FD30411F250 /* qrc_icons.cpp */ = {isa = PBXFileReference; lastKnownFileType = sourcecode.cpp.cpp; path = qrc_icons.cpp; sourceTree = "<group>"; };
		B40194B22405B05903CA2197 /* fgx.ui */ = {isa = PBXFileReference; lastKnownFileType = text.xml; path = fgx.ui; sourceTree = "<group>"; };
		B4BDD4EF70D97152E946ACF7 /* fgx.h */ = {isa = PBXFileReference; lastKnownFileType = sourcecode.c.h; path = fgx.h; sourceTree = "<group>"; };
		B575204EDA5A0831DE3DD346 /* moc_importairportswidget.cpp */ = {isa = PBXFileReference; lastKnownFileType = sourcecode.cpp.cpp; path = moc_importairportswidget.cpp; sourceTree = "<group>"; };
		B6B9970B86A6C219B0869FE9 /* QtNetwork.framework */ = {isa = PBXFileReference; lastKnownFileType = wrapper.framework; name = QtNetwork.framework; path = /Library/Frameworks/QtNetwork.framework; sourceTree = "<absolute>"; };
		BBC1B4528D6756A7B35878F0 /* aptdatparser.cpp */ = {isa = PBXFileReference; lastKnownFileType = sourcecode.cpp.cpp; name = aptdatparser.cpp; path = airports/aptdatparser.cpp; sourceTree = "<group>"; };
		BC42D47A97C2AEC9A4A52C55 /* icons.qrc */ = {isa = PBXFileReference; lastKnownFileType = text; name = icons.qrc; path = resources/icons.qrc; sourceTree = "<group>"; };
		C1096984161D9C35EDA5BBC7 /* importairportswidget.h */ = {isa = PBXFileReference; lastKnownFileType = sourcecode.c.h; name = importairportswidget.h; path = airports/importairportswidget.h; sourceTree = "<group>"; };
		D2A7553D4D71CC1105EACFFF /* xsettings.cpp */ = {isa = PBXFileReference; lastKnownFileType = sourcecode.cpp.cpp; name = xsettings.cpp; path = xobjects/xsettings.cpp; sourceTree = "<group>"; };
		E0814A49DDD73EF0F620E7DB /* QtSql.framework */ = {isa = PBXFileReference; lastKnownFileType = wrapper.framework; name = QtSql.framework; path = /Library/Frameworks/QtSql.framework; sourceTree = "<absolute>"; };
		E3277DE49C5ACD23FE56FD10 /* airportswidget.h */ = {isa = PBXFileReference; lastKnownFileType = sourcecode.c.h; name = airportswidget.h; path = airports/airportswidget.h; sourceTree = "<group>"; };
		E585DF646FA3389D675FA303 /* settingsdialog.h */ = {isa = PBXFileReference; lastKnownFileType = sourcecode.c.h; name = settingsdialog.h; path = settings/settingsdialog.h; sourceTree = "<group>"; };
		E72DC64BA6A58D8837C090D7 /* moc_fgx.cpp */ = {isa = PBXFileReference; lastKnownFileType = sourcecode.cpp.cpp; path = moc_fgx.cpp; sourceTree = "<group>"; };
		F34E5AEF6684E84E2C55C110 /* fgx.cpp */ = {isa = PBXFileReference; lastKnownFileType = sourcecode.cpp.cpp; path = fgx.cpp; sourceTree = "<group>"; };
		F4ED7BD98D4A2E7829750EF1 /* artwork.qrc */ = {isa = PBXFileReference; lastKnownFileType = text; name = artwork.qrc; path = resources/artwork.qrc; sourceTree = "<group>"; };
/* End PBXFileReference section */

/* Begin PBXFrameworksBuildPhase section */
		2A1043669E6E5A7426EA502A /* Frameworks & Libraries */ = {
			isa = PBXFrameworksBuildPhase;
			buildActionMask = 2147483647;
			files = (
				C78BFE0DD4D0FC1F4B157F30 /* QtSql.framework in Frameworks & Libraries */,
				7FA463C7FBAFA691E65A18D2 /* QtXmlPatterns.framework in Frameworks & Libraries */,
				C2643FEB592DBFD1429BE4E1 /* QtXml.framework in Frameworks & Libraries */,
				501667F26B3C1FF6767A7C12 /* QtGui.framework in Frameworks & Libraries */,
				3826A0833FCB54E86728C6EF /* QtNetwork.framework in Frameworks & Libraries */,
				069D05B0128AE5DC7EE31738 /* QtCore.framework in Frameworks & Libraries */,
			);
			name = "Frameworks & Libraries";
			runOnlyForDeploymentPostprocessing = 0;
		};
/* End PBXFrameworksBuildPhase section */

/* Begin PBXGroup section */
		05596AB53D8D521C69802C27 /* fgx */ = {
			isa = PBXGroup;
			children = (
				FB61758D0F0FDA4BA867C3D5 /* Sources */,
				46E892BBB6BB6952967E0561 /* Temporary Sources */,
				883D7615C4D2DE3FA1218F12 /* Headers */,
				7CABE3C80E79AD2B307756D2 /* Sources [qmake] */,
				52C235EBF1C9B07808119459 /* Sources [RCC] */,
				EEC299C65D5017EB9DD513B0 /* Sources [UIC] */,
				ED1E82605DD74B483AF3C982 /* External Frameworks and Libraries */,
				33044006134FA6BB004B146B /* Products */,
			);
			name = fgx;
			sourceTree = "<group>";
		};
		085C2FA6378D97A4AC337727 /* network */ = {
			isa = PBXGroup;
			children = (
				62F1B0082941BB26122A1A0F /* networkwidget.h */,
				9EEF1CB67E04B15E66F6EB5E /* mptelnet.h */,
			);
			name = network;
			sourceTree = "<group>";
		};
		16A82DA2701971900CCC9274 /* resources */ = {
			isa = PBXGroup;
			children = (
				BC42D47A97C2AEC9A4A52C55 /* icons.qrc */,
				F4ED7BD98D4A2E7829750EF1 /* artwork.qrc */,
			);
			name = resources;
			sourceTree = "<group>";
		};
		286EFBF22EDC2AF8CD43ED65 /* aircraft */ = {
			isa = PBXGroup;
			children = (
				5F1A6BC0A474B7EAC7C89FC6 /* aircraftwidget.cpp */,
			);
			name = aircraft;
			sourceTree = "<group>";
		};
		290CB72112B3E8036AAB69F8 /* settings */ = {
			isa = PBXGroup;
			children = (
				E585DF646FA3389D675FA303 /* settingsdialog.h */,
			);
			name = settings;
			sourceTree = "<group>";
		};
		33044006134FA6BB004B146B /* Products */ = {
			isa = PBXGroup;
			children = (
				33044005134FA6BB004B146B /* fgx.app */,
			);
			name = Products;
			sourceTree = "<group>";
		};
		46E892BBB6BB6952967E0561 /* Temporary Sources */ = {
			isa = PBXGroup;
			children = (
				E72DC64BA6A58D8837C090D7 /* moc_fgx.cpp */,
				4554A6F0D9E01E00FB3498F8 /* moc_xsettings.cpp */,
				1D3E93F2371ECAF16DA6AEF7 /* moc_settingsdialog.cpp */,
				1D21E6FEEE910C8878CF3ADF /* moc_networkwidget.cpp */,
				A3C4757330803DF7EEFDCEB6 /* moc_mptelnet.cpp */,
				68446D80E75833DC4ADE6F65 /* moc_aircraftwidget.cpp */,
				6D354CC3205B4251A0EFB840 /* moc_airportswidget.cpp */,
				B575204EDA5A0831DE3DD346 /* moc_importairportswidget.cpp */,
				3258536F172E930CBF0720D4 /* moc_aptdatparser.cpp */,
				AF545533C83B0FD30411F250 /* qrc_icons.cpp */,
				5D0EB7DBE72F1988CFBD7333 /* qrc_artwork.cpp */,
				9E13CDB0A1CCC208A785ABDC /* ui_fgx.h */,
			);
			name = "Temporary Sources";
			sourceTree = "<group>";
		};
		52C235EBF1C9B07808119459 /* Sources [RCC] */ = {
			isa = PBXGroup;
			children = (
				16A82DA2701971900CCC9274 /* resources */,
			);
			name = "Sources [RCC]";
			sourceTree = "<group>";
		};
		55508601C765B8090AC95B74 /* xobjects */ = {
			isa = PBXGroup;
			children = (
				D2A7553D4D71CC1105EACFFF /* xsettings.cpp */,
			);
			name = xobjects;
			sourceTree = "<group>";
		};
		5A6B8C5EE2209A4D467EF54C /* xobjects */ = {
			isa = PBXGroup;
			children = (
				9088AF2F7EF79433B93A1452 /* xsettings.h */,
			);
			name = xobjects;
			sourceTree = "<group>";
		};
		7CABE3C80E79AD2B307756D2 /* Sources [qmake] */ = {
			isa = PBXGroup;
			children = (
				680457B3A5607B3D17F831B3 /* fgx.pro */,
			);
			name = "Sources [qmake]";
			sourceTree = "<group>";
		};
		883D7615C4D2DE3FA1218F12 /* Headers */ = {
			isa = PBXGroup;
			children = (
				B4BDD4EF70D97152E946ACF7 /* fgx.h */,
				5A6B8C5EE2209A4D467EF54C /* xobjects */,
				290CB72112B3E8036AAB69F8 /* settings */,
				085C2FA6378D97A4AC337727 /* network */,
				F972EA4FAAE5DADF83A3DBBB /* aircraft */,
				95FDBA5F4D4C08E6533E57C7 /* airports */,
			);
			name = Headers;
			sourceTree = "<group>";
		};
		95FDBA5F4D4C08E6533E57C7 /* airports */ = {
			isa = PBXGroup;
			children = (
				E3277DE49C5ACD23FE56FD10 /* airportswidget.h */,
				C1096984161D9C35EDA5BBC7 /* importairportswidget.h */,
				3451A6A08A216BF5ADF1B13D /* aptdatparser.h */,
			);
			name = airports;
			sourceTree = "<group>";
		};
		ED1E82605DD74B483AF3C982 /* External Frameworks and Libraries */ = {
			isa = PBXGroup;
			children = (
				E0814A49DDD73EF0F620E7DB /* QtSql.framework */,
				6378BA11083B1F5C07E0D7FA /* QtXmlPatterns.framework */,
				8EE92F8FA333C9E415C5B34E /* QtXml.framework */,
				9B36DA7E32F0304E780E7972 /* QtGui.framework */,
				B6B9970B86A6C219B0869FE9 /* QtNetwork.framework */,
				7BC2E65A5E699A5E5D834CA2 /* QtCore.framework */,
			);
			name = "External Frameworks and Libraries";
			sourceTree = "<group>";
		};
		EEC299C65D5017EB9DD513B0 /* Sources [UIC] */ = {
			isa = PBXGroup;
			children = (
				B40194B22405B05903CA2197 /* fgx.ui */,
			);
			name = "Sources [UIC]";
			sourceTree = "<group>";
		};
		F0D62B15EA842C4E50591B9F /* settings */ = {
			isa = PBXGroup;
			children = (
				2AF48EE6259E359C7F1E34B8 /* settingsdialog.cpp */,
			);
			name = settings;
			sourceTree = "<group>";
		};
		F1CC34A89902B39610A1CCC8 /* airports */ = {
			isa = PBXGroup;
			children = (
				2A72C0415F4CC91A8D268FDA /* airportswidget.cpp */,
				BBC1B4528D6756A7B35878F0 /* aptdatparser.cpp */,
				833870614165D4DAF736438A /* importairportswidget.cpp */,
			);
			name = airports;
			sourceTree = "<group>";
		};
		F972EA4FAAE5DADF83A3DBBB /* aircraft */ = {
			isa = PBXGroup;
			children = (
				AEDBEFA11F7C4FB80723D425 /* aircraftwidget.h */,
			);
			name = aircraft;
			sourceTree = "<group>";
		};
		FB61758D0F0FDA4BA867C3D5 /* Sources */ = {
			isa = PBXGroup;
			children = (
				118FCBAABA162BA17933C789 /* main.cpp */,
				F34E5AEF6684E84E2C55C110 /* fgx.cpp */,
				55508601C765B8090AC95B74 /* xobjects */,
				F0D62B15EA842C4E50591B9F /* settings */,
				FE98ED2097CC4524BDB2315A /* network */,
				286EFBF22EDC2AF8CD43ED65 /* aircraft */,
				F1CC34A89902B39610A1CCC8 /* airports */,
			);
			name = Sources;
			sourceTree = "<group>";
		};
		FE98ED2097CC4524BDB2315A /* network */ = {
			isa = PBXGroup;
			children = (
				7B0B502EE4C80ACB0632E290 /* networkwidget.cpp */,
				4BB2F1B9490146E6B0229BDF /* mptelnet.cpp */,
			);
			name = network;
			sourceTree = "<group>";
		};
/* End PBXGroup section */

/* Begin PBXNativeTarget section */
		6B90845ABBF33087E7DB4B58 /* fgx */ = {
			isa = PBXNativeTarget;
			buildConfigurationList = 33044022134FA6D3004B146B /* Build configuration list for PBXNativeTarget "fgx" */;
			buildPhases = (
				D7BA7D76DAB5DD13389D6332 /* Qt Qmake */,
				A0A52A2ADF7A1E2A99738674 /* Qt Preprocessors */,
				F6069D5A5DA8AA28EDB8B3C6 /* Project Copy */,
				C29B8785722055ED95EF7B57 /* Build Sources */,
				2A1043669E6E5A7426EA502A /* Frameworks & Libraries */,
				3787F99312C85FF0073FD7BA /* Bundle Resources */,
			);
			buildRules = (
			);
			dependencies = (
			);
			name = fgx;
			productName = fgx;
			productReference = 33044005134FA6BB004B146B /* fgx.app */;
			productType = "com.apple.product-type.application";
		};
/* End PBXNativeTarget section */

/* Begin PBXProject section */
		91B15E841AA80083484172DE /* Project object */ = {
			isa = PBXProject;
			buildConfigurationList = 2A951308CDB28F104D0A4BD2 /* Build configuration list for PBXProject "fgx" */;
			compatibilityVersion = "Xcode 2.4";
			developmentRegion = English;
			hasScannedForEncodings = 1;
			knownRegions = (
				English,
				Japanese,
				French,
				German,
			);
			mainGroup = 05596AB53D8D521C69802C27 /* fgx */;
			productRefGroup = 33044006134FA6BB004B146B /* Products */;
			projectDirPath = "";
			projectRoot = "";
			targets = (
				6B90845ABBF33087E7DB4B58 /* fgx */,
			);
		};
/* End PBXProject section */

/* Begin PBXResourcesBuildPhase section */
		3787F99312C85FF0073FD7BA /* Bundle Resources */ = {
			isa = PBXResourcesBuildPhase;
			buildActionMask = 2147483647;
			files = (
			);
			name = "Bundle Resources";
			runOnlyForDeploymentPostprocessing = 0;
		};
/* End PBXResourcesBuildPhase section */

/* Begin PBXShellScriptBuildPhase section */
		A0A52A2ADF7A1E2A99738674 /* Qt Preprocessors */ = {
			isa = PBXShellScriptBuildPhase;
			buildActionMask = 2147483647;
			files = (
			);
			name = "Qt Preprocessors";
			runOnlyForDeploymentPostprocessing = 0;
			shellPath = /bin/sh;
			shellScript = "make -C /Users/raoulquittarco/Desktop/fgx/gitoriousnew/fgx/src -f 'fgx.xcodeproj/qt_preprocess.mak'";
		};
		D7BA7D76DAB5DD13389D6332 /* Qt Qmake */ = {
			isa = PBXShellScriptBuildPhase;
			buildActionMask = 2147483647;
			files = (
			);
			name = "Qt Qmake";
			runOnlyForDeploymentPostprocessing = 0;
			shellPath = /bin/sh;
			shellScript = "make -C /Users/raoulquittarco/Desktop/fgx/gitoriousnew/fgx/src -f 'fgx.xcodeproj/qt_makeqmake.mak'";
		};
/* End PBXShellScriptBuildPhase section */

/* Begin PBXSourcesBuildPhase section */
		C29B8785722055ED95EF7B57 /* Build Sources */ = {
			isa = PBXSourcesBuildPhase;
			buildActionMask = 2147483647;
			files = (
				2B093CA6F071B023A473CED0 /* main.cpp in Build Sources */,
				2497464F1D7DD67EB6CDDFCB /* fgx.cpp in Build Sources */,
				8F0780FF604C5E453CD117EF /* xsettings.cpp in Build Sources */,
				D60E4A66429E3A00AD690239 /* settingsdialog.cpp in Build Sources */,
				1CCC7E1FC06C062A970F5E30 /* networkwidget.cpp in Build Sources */,
				AD40FA299BFBA7AE61E76EF9 /* mptelnet.cpp in Build Sources */,
				E650A0F07206F05D673FBCF7 /* aircraftwidget.cpp in Build Sources */,
				6462DC66040D8BD3E32A7ECE /* airportswidget.cpp in Build Sources */,
				3CC391639B7E9A012B2340D6 /* aptdatparser.cpp in Build Sources */,
				B3FC08337BF2C2D823799B1C /* importairportswidget.cpp in Build Sources */,
				3856F1C05E59E6FFCFE0426B /* moc_fgx.cpp in Build Sources */,
				16F94CB291AF04C4F8123EE5 /* moc_xsettings.cpp in Build Sources */,
				ECD92D4E59D9E2C6021DFB79 /* moc_settingsdialog.cpp in Build Sources */,
				572FDE7B30B29328CD1DCE5B /* moc_networkwidget.cpp in Build Sources */,
				BCF81AD40A3B2AA8B2B49876 /* moc_mptelnet.cpp in Build Sources */,
				ABAAEE0712E0307C8D0A2FC4 /* moc_aircraftwidget.cpp in Build Sources */,
				AD17C9820264B158D142D141 /* moc_airportswidget.cpp in Build Sources */,
				86A1B13AC8C4F078CD21A54E /* moc_importairportswidget.cpp in Build Sources */,
				0C0F7B036B2D7E095B7639B0 /* moc_aptdatparser.cpp in Build Sources */,
				458677C08D9AC05272F7712B /* qrc_icons.cpp in Build Sources */,
				A976DF5F08F9938737E688FA /* qrc_artwork.cpp in Build Sources */,
			);
			name = "Build Sources";
			runOnlyForDeploymentPostprocessing = 0;
		};
/* End PBXSourcesBuildPhase section */

/* Begin XCBuildConfiguration section */
		33044018134FA6BB004B146B /* Debug */ = {
			isa = XCBuildConfiguration;
			buildSettings = {
				BUILD_ROOT = /Users/raoulquittarco/Desktop/fgx/gitoriousnew/fgx/src;
				COPY_PHASE_STRIP = NO;
				DYLIB_COMPATIBILITY_VERSION = 1.0;
				DYLIB_CURRENT_VERSION = 1.0.0;
				GCC_GENERATE_DEBUGGING_SYMBOLS = YES;
				GCC_OPTIMIZATION_LEVEL = 0;
				HEADER_SEARCH_PATHS = (
					/Library/Frameworks/QtCore.framework/Versions/4/Headers,
					/usr/include/QtCore,
					/Library/Frameworks/QtNetwork.framework/Versions/4/Headers,
					/usr/include/QtNetwork,
					/Library/Frameworks/QtGui.framework/Versions/4/Headers,
					/usr/include/QtGui,
					/Library/Frameworks/QtXml.framework/Versions/4/Headers,
					/usr/include/QtXml,
					/Library/Frameworks/QtXmlPatterns.framework/Versions/4/Headers,
					/usr/include/QtXmlPatterns,
					/Library/Frameworks/QtSql.framework/Versions/4/Headers,
					/usr/include/QtSql,
					/usr/include,
					.,
					.,
					.,
					/usr/local/include,
					/System/Library/Frameworks/CarbonCore.framework/Headers,
					"/usr/local/Qt4.7/mkspecs/macx-xcode",
				);
				INFOPLIST_FILE = Info.plist;
				LEXFLAGS = "";
				LIBRARY_SEARCH_PATHS = /Library/Frameworks;
				MACOSX_DEPLOYMENT_TARGET = 10.4;
				OTHER_CFLAGS = (
					"-pipe",
					"-g",
					"-Wall",
					"-W",
					"-DQT_SQL_LIB",
					"-DQT_XMLPATTERNS_LIB",
					"-DQT_XML_LIB",
					"-DQT_GUI_LIB",
					"-DQT_NETWORK_LIB",
					"-DQT_CORE_LIB",
					"-DQT_SHARED",
				);
				OTHER_CPLUSPLUSFLAGS = (
					"-pipe",
					"-g",
					"-Wall",
					"-W",
					"-DQT_SQL_LIB",
					"-DQT_XMLPATTERNS_LIB",
					"-DQT_XML_LIB",
					"-DQT_GUI_LIB",
					"-DQT_NETWORK_LIB",
					"-DQT_CORE_LIB",
					"-DQT_SHARED",
				);
				OTHER_LDFLAGS = (
					"-headerpad_max_install_names",
					"-L/Library/Frameworks",
					"-F/Library/Frameworks",
				);
				OTHER_REZFLAGS = "";
				PREBINDING = NO;
				PRODUCT_NAME = fgx;
				SECTORDER_FLAGS = "";
				WARNING_CFLAGS = "";
				YACCFLAGS = "-d";
			};
			name = Debug;
		};
		33044019134FA6BB004B146B /* Release */ = {
			isa = XCBuildConfiguration;
			buildSettings = {
				BUILD_ROOT = /Users/raoulquittarco/Desktop/fgx/gitoriousnew/fgx/src;
				COPY_PHASE_STRIP = YES;
				DYLIB_COMPATIBILITY_VERSION = 1.0;
				DYLIB_CURRENT_VERSION = 1.0.0;
				GCC_GENERATE_DEBUGGING_SYMBOLS = NO;
				HEADER_SEARCH_PATHS = (
					/Library/Frameworks/QtCore.framework/Versions/4/Headers,
					/usr/include/QtCore,
					/Library/Frameworks/QtNetwork.framework/Versions/4/Headers,
					/usr/include/QtNetwork,
					/Library/Frameworks/QtGui.framework/Versions/4/Headers,
					/usr/include/QtGui,
					/Library/Frameworks/QtXml.framework/Versions/4/Headers,
					/usr/include/QtXml,
					/Library/Frameworks/QtXmlPatterns.framework/Versions/4/Headers,
					/usr/include/QtXmlPatterns,
					/Library/Frameworks/QtSql.framework/Versions/4/Headers,
					/usr/include/QtSql,
					/usr/include,
					.,
					.,
					.,
					/usr/local/include,
					/System/Library/Frameworks/CarbonCore.framework/Headers,
					"/usr/local/Qt4.7/mkspecs/macx-xcode",
				);
				INFOPLIST_FILE = Info.plist;
				LEXFLAGS = "";
				LIBRARY_SEARCH_PATHS = /Library/Frameworks;
				MACOSX_DEPLOYMENT_TARGET = 10.4;
				OTHER_CFLAGS = (
					"-pipe",
					"-g",
					"-Wall",
					"-W",
					"-DQT_SQL_LIB",
					"-DQT_XMLPATTERNS_LIB",
					"-DQT_XML_LIB",
					"-DQT_GUI_LIB",
					"-DQT_NETWORK_LIB",
					"-DQT_CORE_LIB",
					"-DQT_SHARED",
				);
				OTHER_CPLUSPLUSFLAGS = (
					"-pipe",
					"-g",
					"-Wall",
					"-W",
					"-DQT_SQL_LIB",
					"-DQT_XMLPATTERNS_LIB",
					"-DQT_XML_LIB",
					"-DQT_GUI_LIB",
					"-DQT_NETWORK_LIB",
					"-DQT_CORE_LIB",
					"-DQT_SHARED",
				);
				OTHER_LDFLAGS = (
					"-headerpad_max_install_names",
					"-L/Library/Frameworks",
					"-F/Library/Frameworks",
				);
				OTHER_REZFLAGS = "";
				PREBINDING = NO;
				PRODUCT_NAME = fgx;
				SECTORDER_FLAGS = "";
				WARNING_CFLAGS = "";
				YACCFLAGS = "-d";
			};
			name = Release;
		};
		3304401A134FA6BB004B146B /* Default */ = {
			isa = XCBuildConfiguration;
			buildSettings = {
				BUILD_ROOT = /Users/raoulquittarco/Desktop/fgx/gitoriousnew/fgx/src;
				DYLIB_COMPATIBILITY_VERSION = 1.0;
				DYLIB_CURRENT_VERSION = 1.0.0;
				HEADER_SEARCH_PATHS = (
					/Library/Frameworks/QtCore.framework/Versions/4/Headers,
					/usr/include/QtCore,
					/Library/Frameworks/QtNetwork.framework/Versions/4/Headers,
					/usr/include/QtNetwork,
					/Library/Frameworks/QtGui.framework/Versions/4/Headers,
					/usr/include/QtGui,
					/Library/Frameworks/QtXml.framework/Versions/4/Headers,
					/usr/include/QtXml,
					/Library/Frameworks/QtXmlPatterns.framework/Versions/4/Headers,
					/usr/include/QtXmlPatterns,
					/Library/Frameworks/QtSql.framework/Versions/4/Headers,
					/usr/include/QtSql,
					/usr/include,
					.,
					.,
					.,
					/usr/local/include,
					/System/Library/Frameworks/CarbonCore.framework/Headers,
					"/usr/local/Qt4.7/mkspecs/macx-xcode",
				);
				INFOPLIST_FILE = Info.plist;
				LEXFLAGS = "";
				LIBRARY_SEARCH_PATHS = /Library/Frameworks;
				MACOSX_DEPLOYMENT_TARGET = 10.4;
				OTHER_CFLAGS = (
					"-pipe",
					"-g",
					"-Wall",
					"-W",
					"-DQT_SQL_LIB",
					"-DQT_XMLPATTERNS_LIB",
					"-DQT_XML_LIB",
					"-DQT_GUI_LIB",
					"-DQT_NETWORK_LIB",
					"-DQT_CORE_LIB",
					"-DQT_SHARED",
				);
				OTHER_CPLUSPLUSFLAGS = (
					"-pipe",
					"-g",
					"-Wall",
					"-W",
					"-DQT_SQL_LIB",
					"-DQT_XMLPATTERNS_LIB",
					"-DQT_XML_LIB",
					"-DQT_GUI_LIB",
					"-DQT_NETWORK_LIB",
					"-DQT_CORE_LIB",
					"-DQT_SHARED",
				);
				OTHER_LDFLAGS = (
					"-headerpad_max_install_names",
					"-L/Library/Frameworks",
					"-F/Library/Frameworks",
				);
				OTHER_REZFLAGS = "";
				PREBINDING = NO;
				PRODUCT_NAME = fgx;
				SECTORDER_FLAGS = "";
				WARNING_CFLAGS = "";
				YACCFLAGS = "-d";
			};
			name = Default;
		};
		8DB1DD96F65B1BF1FFC506E0 /* Debug */ = {
			isa = XCBuildConfiguration;
			buildSettings = {
				COPY_PHASE_STRIP = NO;
				GCC_GENERATE_DEBUGGING_SYMBOLS = YES;
				GCC_OPTIMIZATION_LEVEL = 0;
			};
			name = Debug;
		};
		95E1EB2E5DDD587BE5B3E548 /* Release */ = {
			isa = XCBuildConfiguration;
			buildSettings = {
				COPY_PHASE_STRIP = YES;
				GCC_GENERATE_DEBUGGING_SYMBOLS = NO;
			};
			name = Release;
		};
/* End XCBuildConfiguration section */

/* Begin XCConfigurationList section */
		2A951308CDB28F104D0A4BD2 /* Build configuration list for PBXProject "fgx" */ = {
			isa = XCConfigurationList;
			buildConfigurations = (
				8DB1DD96F65B1BF1FFC506E0 /* Debug */,
				95E1EB2E5DDD587BE5B3E548 /* Release */,
			);
			defaultConfigurationIsVisible = 0;
			defaultConfigurationName = Release;
		};
		33044022134FA6D3004B146B /* Build configuration list for PBXNativeTarget "fgx" */ = {
			isa = XCConfigurationList;
			buildConfigurations = (
				33044018134FA6BB004B146B /* Debug */,
				33044019134FA6BB004B146B /* Release */,
				3304401A134FA6BB004B146B /* Default */,
			);
			defaultConfigurationIsVisible = 0;
			defaultConfigurationName = Default;
		};
/* End XCConfigurationList section */
	};
	rootObject = 91B15E841AA80083484172DE /* Project object */;
}
